
Microsoft Visual Studio Solution File, Format Version 12.00
# Visual Studio Version 16
VisualStudioVersion = 16.0.31112.23
MinimumVisualStudioVersion = 10.0.40219.1
Project("{FAE04EC0-301F-11D3-BF4B-00C04F79EFBC}") = "TutorialApp", "TutorialApp\TutorialApp.csproj", "{8025173B-90AD-4CE7-8F6C-139653281075}"
EndProject
Global
	GlobalSection(SolutionConfigurationPlatforms) = preSolution
		Debug|Any CPU = Debug|Any CPU
		Release|Any CPU = Release|Any CPU
	EndGlobalSection
	GlobalSection(ProjectConfigurationPlatforms) = postSolution
		{8025173B-90AD-4CE7-8F6C-139653281075}.Debug|Any CPU.ActiveCfg = Debug|Any CPU
		{8025173B-90AD-4CE7-8F6C-139653281075}.Debug|Any CPU.Build.0 = Debug|Any CPU
		{8025173B-90AD-4CE7-8F6C-139653281075}.Release|Any CPU.ActiveCfg = Release|Any CPU
		{8025173B-90AD-4CE7-8F6C-139653281075}.Release|Any CPU.Build.0 = Release|Any CPU
	EndGlobalSection
	GlobalSection(SolutionProperties) = preSolution
		HideSolutionNode = FALSE
	EndGlobalSection
	GlobalSection(ExtensibilityGlobals) = postSolution
		SolutionGuid = {2540F3BF-CF3D-47E2-8830-F64922399096}
	EndGlobalSection
EndGlobal
